
Microsoft Visual Studio Solution File, Format Version 12.00
# Visual Studio Version 16
VisualStudioVersion = 16.0.31205.134
MinimumVisualStudioVersion = 10.0.40219.1
Project("{FAE04EC0-301F-11D3-BF4B-00C04F79EFBC}") = "TestSoftwareStrategico", "TestSoftwareStrategico\TestSoftwareStrategico.csproj", "{ED9E8838-2F12-41A8-8C50-43FCE5C05313}"
EndProject
Global
	GlobalSection(SolutionConfigurationPlatforms) = preSolution
		Debug|Any CPU = Debug|Any CPU
		Release|Any CPU = Release|Any CPU
	EndGlobalSection
	GlobalSection(ProjectConfigurationPlatforms) = postSolution
		{ED9E8838-2F12-41A8-8C50-43FCE5C05313}.Debug|Any CPU.ActiveCfg = Debug|Any CPU
		{ED9E8838-2F12-41A8-8C50-43FCE5C05313}.Debug|Any CPU.Build.0 = Debug|Any CPU
		{ED9E8838-2F12-41A8-8C50-43FCE5C05313}.Release|Any CPU.ActiveCfg = Release|Any CPU
		{ED9E8838-2F12-41A8-8C50-43FCE5C05313}.Release|Any CPU.Build.0 = Release|Any CPU
	EndGlobalSection
	GlobalSection(SolutionProperties) = preSolution
		HideSolutionNode = FALSE
	EndGlobalSection
	GlobalSection(ExtensibilityGlobals) = postSolution
		SolutionGuid = {8B2F3F0D-800C-4430-A5E1-BBD6A7B2CD32}
	EndGlobalSection
EndGlobal
